
Microsoft Visual Studio Solution File, Format Version 12.00
# Visual Studio Version 17
VisualStudioVersion = 17.1.32319.34
MinimumVisualStudioVersion = 10.0.40219.1
Project("{FAE04EC0-301F-11D3-BF4B-00C04F79EFBC}") = "TestButtonBlend", "TestButtonBlend\TestButtonBlend.csproj", "{3DE2B642-72F1-40AA-9EC2-D345DD0C3289}"
EndProject
Global
	GlobalSection(SolutionConfigurationPlatforms) = preSolution
		Debug|Any CPU = Debug|Any CPU
		Release|Any CPU = Release|Any CPU
	EndGlobalSection
	GlobalSection(ProjectConfigurationPlatforms) = postSolution
		{3DE2B642-72F1-40AA-9EC2-D345DD0C3289}.Debug|Any CPU.ActiveCfg = Debug|Any CPU
		{3DE2B642-72F1-40AA-9EC2-D345DD0C3289}.Debug|Any CPU.Build.0 = Debug|Any CPU
		{3DE2B642-72F1-40AA-9EC2-D345DD0C3289}.Release|Any CPU.ActiveCfg = Release|Any CPU
		{3DE2B642-72F1-40AA-9EC2-D345DD0C3289}.Release|Any CPU.Build.0 = Release|Any CPU
	EndGlobalSection
	GlobalSection(SolutionProperties) = preSolution
		HideSolutionNode = FALSE
	EndGlobalSection
	GlobalSection(ExtensibilityGlobals) = postSolution
		SolutionGuid = {FE8EB6D7-A85B-42F1-B4B7-A66700E63AAD}
	EndGlobalSection
EndGlobal
